
Microsoft Visual Studio Solution File, Format Version 12.00
# Visual Studio 2013
VisualStudioVersion = 12.0.31101.0
MinimumVisualStudioVersion = 10.0.40219.1
Project("{FAE04EC0-301F-11D3-BF4B-00C04F79EFBC}") = "Fansub File Name Parser", "Fansub File Name Parser\Fansub File Name Parser.csproj", "{E415D5AC-24DC-4E49-8410-28A94F1C3D81}"
EndProject
Project("{FAE04EC0-301F-11D3-BF4B-00C04F79EFBC}") = "Tests", "Tests\Tests.csproj", "{DA0A6B0F-AB6D-449C-9109-966626480582}"
EndProject
Project("{FAE04EC0-301F-11D3-BF4B-00C04F79EFBC}") = "Parser Tester", "Parser Tester\Parser Tester.csproj", "{2337867D-4E44-4BE5-9591-6E3A541BC7B4}"
EndProject
Global
	GlobalSection(SolutionConfigurationPlatforms) = preSolution
		Debug|Any CPU = Debug|Any CPU
		Release|Any CPU = Release|Any CPU
	EndGlobalSection
	GlobalSection(ProjectConfigurationPlatforms) = postSolution
		{E415D5AC-24DC-4E49-8410-28A94F1C3D81}.Debug|Any CPU.ActiveCfg = Debug|Any CPU
		{E415D5AC-24DC-4E49-8410-28A94F1C3D81}.Debug|Any CPU.Build.0 = Debug|Any CPU
		{E415D5AC-24DC-4E49-8410-28A94F1C3D81}.Release|Any CPU.ActiveCfg = Release|Any CPU
		{E415D5AC-24DC-4E49-8410-28A94F1C3D81}.Release|Any CPU.Build.0 = Release|Any CPU
		{DA0A6B0F-AB6D-449C-9109-966626480582}.Debug|Any CPU.ActiveCfg = Debug|Any CPU
		{DA0A6B0F-AB6D-449C-9109-966626480582}.Debug|Any CPU.Build.0 = Debug|Any CPU
		{DA0A6B0F-AB6D-449C-9109-966626480582}.Release|Any CPU.ActiveCfg = Release|Any CPU
		{DA0A6B0F-AB6D-449C-9109-966626480582}.Release|Any CPU.Build.0 = Release|Any CPU
		{2337867D-4E44-4BE5-9591-6E3A541BC7B4}.Debug|Any CPU.ActiveCfg = Debug|Any CPU
		{2337867D-4E44-4BE5-9591-6E3A541BC7B4}.Debug|Any CPU.Build.0 = Debug|Any CPU
		{2337867D-4E44-4BE5-9591-6E3A541BC7B4}.Release|Any CPU.ActiveCfg = Release|Any CPU
		{2337867D-4E44-4BE5-9591-6E3A541BC7B4}.Release|Any CPU.Build.0 = Release|Any CPU
	EndGlobalSection
	GlobalSection(SolutionProperties) = preSolution
		HideSolutionNode = FALSE
	EndGlobalSection
EndGlobal
